
Microsoft Visual Studio Solution File, Format Version 12.00
# Visual Studio 15
VisualStudioVersion = 15.0.28307.852
MinimumVisualStudioVersion = 10.0.40219.1
Project("{FAE04EC0-301F-11D3-BF4B-00C04F79EFBC}") = "TweetBook", "TweetBook\TweetBook.csproj", "{ABE884B7-A82E-4C51-A972-F883E1BA0535}"
EndProject
Global
	GlobalSection(SolutionConfigurationPlatforms) = preSolution
		Debug|Any CPU = Debug|Any CPU
		Release|Any CPU = Release|Any CPU
	EndGlobalSection
	GlobalSection(ProjectConfigurationPlatforms) = postSolution
		{ABE884B7-A82E-4C51-A972-F883E1BA0535}.Debug|Any CPU.ActiveCfg = Debug|Any CPU
		{ABE884B7-A82E-4C51-A972-F883E1BA0535}.Debug|Any CPU.Build.0 = Debug|Any CPU
		{ABE884B7-A82E-4C51-A972-F883E1BA0535}.Release|Any CPU.ActiveCfg = Release|Any CPU
		{ABE884B7-A82E-4C51-A972-F883E1BA0535}.Release|Any CPU.Build.0 = Release|Any CPU
	EndGlobalSection
	GlobalSection(SolutionProperties) = preSolution
		HideSolutionNode = FALSE
	EndGlobalSection
	GlobalSection(ExtensibilityGlobals) = postSolution
		SolutionGuid = {20936C75-80DF-4660-8519-9D5FDAEED845}
	EndGlobalSection
EndGlobal
